
Microsoft Visual Studio Solution File, Format Version 12.00
Project("{FAE04EC0-301F-11D3-BF4B-00C04F79EFBC}") = "Bridge", "Bridge\Bridge.csproj", "{29A29516-ED6A-4E54-A007-554969216CFE}"
EndProject
Project("{FAE04EC0-301F-11D3-BF4B-00C04F79EFBC}") = "Bridge.Test", "Bridge.Test\Bridge.Test.csproj", "{2B586F85-E16A-4EF0-A6E8-242232E68C4A}"
EndProject
Global
	GlobalSection(SolutionConfigurationPlatforms) = preSolution
		Debug|Any CPU = Debug|Any CPU
		Release|Any CPU = Release|Any CPU
	EndGlobalSection
	GlobalSection(ProjectConfigurationPlatforms) = postSolution
		{29A29516-ED6A-4E54-A007-554969216CFE}.Debug|Any CPU.ActiveCfg = Debug|Any CPU
		{29A29516-ED6A-4E54-A007-554969216CFE}.Debug|Any CPU.Build.0 = Debug|Any CPU
		{29A29516-ED6A-4E54-A007-554969216CFE}.Release|Any CPU.ActiveCfg = Release|Any CPU
		{29A29516-ED6A-4E54-A007-554969216CFE}.Release|Any CPU.Build.0 = Release|Any CPU
		{2B586F85-E16A-4EF0-A6E8-242232E68C4A}.Debug|Any CPU.ActiveCfg = Debug|Any CPU
		{2B586F85-E16A-4EF0-A6E8-242232E68C4A}.Debug|Any CPU.Build.0 = Debug|Any CPU
		{2B586F85-E16A-4EF0-A6E8-242232E68C4A}.Release|Any CPU.ActiveCfg = Release|Any CPU
		{2B586F85-E16A-4EF0-A6E8-242232E68C4A}.Release|Any CPU.Build.0 = Release|Any CPU
	EndGlobalSection
EndGlobal
